{
  "nodes": {
    "nixpkgs": {
      "locked": {
        "lastModified": 1783014552,
        "narHash": "sha256-htsCMj3F1QHmBHcadpwxA+mVcgTCvPXOZLg1M82/zdM=",
        "owner": "NixOS",
        "repo": "nixpkgs",
        "rev": "5863b64722a3967028f5ad22f79875b52ce82007",
        "type": "github"
      },
      "original": {
        "owner": "NixOS",
        "ref": "nixos-26.05-small",
        "repo": "nixpkgs",
        "type": "github"
      }
    },
    "root": {
      "inputs": {
        "nixpkgs": "nixpkgs"
      }
    }
  },
  "root": "root",
  "version": 7
}
